
Microsoft Visual Studio Solution File, Format Version 12.00
# Visual Studio Version 16
VisualStudioVersion = 16.0.29025.244
MinimumVisualStudioVersion = 10.0.40219.1
Project("{9A19103F-16F7-4668-BE54-9A1E7A4F7556}") = "UnitTestPres", "UnitTestPres\UnitTestPres.csproj", "{88649E23-E3A2-4F9C-BC7A-DF76CC73F011}"
EndProject
Project("{9A19103F-16F7-4668-BE54-9A1E7A4F7556}") = "UnitTestPres.Tests", "UnitTestPres.Tests\UnitTestPres.Tests.csproj", "{3BD92482-F48F-4C3C-8190-F25E9AF5167B}"
EndProject
Project("{2150E333-8FDC-42A3-9474-1A3956D46DE8}") = "Solution Items", "Solution Items", "{11455383-DE47-421B-82CB-DF4D5ECE8537}"
EndProject
Global
	GlobalSection(SolutionConfigurationPlatforms) = preSolution
		Debug|Any CPU = Debug|Any CPU
		Release|Any CPU = Release|Any CPU
	EndGlobalSection
	GlobalSection(ProjectConfigurationPlatforms) = postSolution
		{88649E23-E3A2-4F9C-BC7A-DF76CC73F011}.Debug|Any CPU.ActiveCfg = Debug|Any CPU
		{88649E23-E3A2-4F9C-BC7A-DF76CC73F011}.Debug|Any CPU.Build.0 = Debug|Any CPU
		{88649E23-E3A2-4F9C-BC7A-DF76CC73F011}.Release|Any CPU.ActiveCfg = Release|Any CPU
		{88649E23-E3A2-4F9C-BC7A-DF76CC73F011}.Release|Any CPU.Build.0 = Release|Any CPU
		{3BD92482-F48F-4C3C-8190-F25E9AF5167B}.Debug|Any CPU.ActiveCfg = Debug|Any CPU
		{3BD92482-F48F-4C3C-8190-F25E9AF5167B}.Debug|Any CPU.Build.0 = Debug|Any CPU
		{3BD92482-F48F-4C3C-8190-F25E9AF5167B}.Release|Any CPU.ActiveCfg = Release|Any CPU
		{3BD92482-F48F-4C3C-8190-F25E9AF5167B}.Release|Any CPU.Build.0 = Release|Any CPU
	EndGlobalSection
	GlobalSection(SolutionProperties) = preSolution
		HideSolutionNode = FALSE
	EndGlobalSection
	GlobalSection(ExtensibilityGlobals) = postSolution
		SolutionGuid = {202890F0-D637-4237-97F8-2250A0842A76}
	EndGlobalSection
EndGlobal
